
Microsoft Visual Studio Solution File, Format Version 12.00
# Visual Studio Version 17
VisualStudioVersion = 17.10.35122.118
MinimumVisualStudioVersion = 10.0.40219.1
Project("{FAE04EC0-301F-11D3-BF4B-00C04F79EFBC}") = "simuladosaep", "simuladosaep\simuladosaep.csproj", "{EF18D1BD-2943-402F-AF57-F1C5D63D2163}"
EndProject
Global
	GlobalSection(SolutionConfigurationPlatforms) = preSolution
		Debug|Any CPU = Debug|Any CPU
		Release|Any CPU = Release|Any CPU
	EndGlobalSection
	GlobalSection(ProjectConfigurationPlatforms) = postSolution
		{EF18D1BD-2943-402F-AF57-F1C5D63D2163}.Debug|Any CPU.ActiveCfg = Debug|Any CPU
		{EF18D1BD-2943-402F-AF57-F1C5D63D2163}.Debug|Any CPU.Build.0 = Debug|Any CPU
		{EF18D1BD-2943-402F-AF57-F1C5D63D2163}.Release|Any CPU.ActiveCfg = Release|Any CPU
		{EF18D1BD-2943-402F-AF57-F1C5D63D2163}.Release|Any CPU.Build.0 = Release|Any CPU
	EndGlobalSection
	GlobalSection(SolutionProperties) = preSolution
		HideSolutionNode = FALSE
	EndGlobalSection
	GlobalSection(ExtensibilityGlobals) = postSolution
		SolutionGuid = {A38BD7CA-15BD-4A60-9745-83508E71888A}
	EndGlobalSection
EndGlobal
